// !$*UTF8*$!
{
	archiveVersion = 1;
	classes = {
	};
	objectVersion = 46;
	objects = {

/* Begin PBXBuildFile section */
		4E1C40561EA94E9400EB244B /* Phone.m in Sources */ = {isa = PBXBuildFile; fileRef = 4E1C40551EA94E9400EB244B /* Phone.m */; };
		4E1C405C1EA94EDB00EB244B /* Iphone.m in Sources */ = {isa = PBXBuildFile; fileRef = 4E1C405B1EA94EDB00EB244B /* Iphone.m */; };
		4E1C405F1EA9506700EB244B /* NSString+MyNewFeature.m in Sources */ = {isa = PBXBuildFile; fileRef = 4E1C405E1EA9506700EB244B /* NSString+MyNewFeature.m */; };
		4E1C40641EA95F6700EB244B /* Circle.m in Sources */ = {isa = PBXBuildFile; fileRef = 4E1C40631EA95F6700EB244B /* Circle.m */; };
		4E92BE381EA7FC6E00D78789 /* Person.m in Sources */ = {isa = PBXBuildFile; fileRef = 4E92BE371EA7FC6E00D78789 /* Person.m */; };
		4E9C3DAD1EA01C67002DB2ED /* main.m in Sources */ = {isa = PBXBuildFile; fileRef = 4E9C3DAC1EA01C67002DB2ED /* main.m */; };
/* End PBXBuildFile section */

/* Begin PBXCopyFilesBuildPhase section */
		4E9C3DA71EA01C67002DB2ED /* CopyFiles */ = {
			isa = PBXCopyFilesBuildPhase;
			buildActionMask = 2147483647;
			dstPath = /usr/share/man/man1/;
			dstSubfolderSpec = 0;
			files = (
			);
			runOnlyForDeploymentPostprocessing = 1;
		};
/* End PBXCopyFilesBuildPhase section */

/* Begin PBXFileReference section */
		4E1C40541EA94E9400EB244B /* Phone.h */ = {isa = PBXFileReference; fileEncoding = 4; lastKnownFileType = sourcecode.c.h; path = Phone.h; sourceTree = "<group>"; };
		4E1C40551EA94E9400EB244B /* Phone.m */ = {isa = PBXFileReference; fileEncoding = 4; lastKnownFileType = sourcecode.c.objc; path = Phone.m; sourceTree = "<group>"; };
		4E1C405A1EA94EDB00EB244B /* Iphone.h */ = {isa = PBXFileReference; fileEncoding = 4; lastKnownFileType = sourcecode.c.h; name = Iphone.h; path = ../Iphone.h; sourceTree = "<group>"; };
		4E1C405B1EA94EDB00EB244B /* Iphone.m */ = {isa = PBXFileReference; fileEncoding = 4; lastKnownFileType = sourcecode.c.objc; name = Iphone.m; path = ../Iphone.m; sourceTree = "<group>"; };
		4E1C405D1EA9506700EB244B /* NSString+MyNewFeature.h */ = {isa = PBXFileReference; fileEncoding = 4; lastKnownFileType = sourcecode.c.h; path = "NSString+MyNewFeature.h"; sourceTree = "<group>"; };
		4E1C405E1EA9506700EB244B /* NSString+MyNewFeature.m */ = {isa = PBXFileReference; fileEncoding = 4; lastKnownFileType = sourcecode.c.objc; path = "NSString+MyNewFeature.m"; sourceTree = "<group>"; };
		4E1C40621EA95F6700EB244B /* Circle.h */ = {isa = PBXFileReference; fileEncoding = 4; lastKnownFileType = sourcecode.c.h; path = Circle.h; sourceTree = "<group>"; };
		4E1C40631EA95F6700EB244B /* Circle.m */ = {isa = PBXFileReference; fileEncoding = 4; lastKnownFileType = sourcecode.c.objc; path = Circle.m; sourceTree = "<group>"; };
		4E92BE361EA7FC6E00D78789 /* Person.h */ = {isa = PBXFileReference; fileEncoding = 4; lastKnownFileType = sourcecode.c.h; path = Person.h; sourceTree = "<group>"; };
		4E92BE371EA7FC6E00D78789 /* Person.m */ = {isa = PBXFileReference; fileEncoding = 4; lastKnownFileType = sourcecode.c.objc; path = Person.m; sourceTree = "<group>"; };
		4E9C3DA91EA01C67002DB2ED /* IntroObjectiveC */ = {isa = PBXFileReference; explicitFileType = "compiled.mach-o.executable"; includeInIndex = 0; path = IntroObjectiveC; sourceTree = BUILT_PRODUCTS_DIR; };
		4E9C3DAC1EA01C67002DB2ED /* main.m */ = {isa = PBXFileReference; lastKnownFileType = sourcecode.c.objc; path = main.m; sourceTree = "<group>"; };
/* End PBXFileReference section */

/* Begin PBXFrameworksBuildPhase section */
		4E9C3DA61EA01C67002DB2ED /* Frameworks */ = {
			isa = PBXFrameworksBuildPhase;
			buildActionMask = 2147483647;
			files = (
			);
			runOnlyForDeploymentPostprocessing = 0;
		};
/* End PBXFrameworksBuildPhase section */

/* Begin PBXGroup section */
		4E9C3DA01EA01C67002DB2ED = {
			isa = PBXGroup;
			children = (
				4E9C3DAB1EA01C67002DB2ED /* IntroObjectiveC */,
				4E9C3DAA1EA01C67002DB2ED /* Products */,
			);
			sourceTree = "<group>";
		};
		4E9C3DAA1EA01C67002DB2ED /* Products */ = {
			isa = PBXGroup;
			children = (
				4E9C3DA91EA01C67002DB2ED /* IntroObjectiveC */,
			);
			name = Products;
			sourceTree = "<group>";
		};
		4E9C3DAB1EA01C67002DB2ED /* IntroObjectiveC */ = {
			isa = PBXGroup;
			children = (
				4E1C405A1EA94EDB00EB244B /* Iphone.h */,
				4E1C405B1EA94EDB00EB244B /* Iphone.m */,
				4E9C3DAC1EA01C67002DB2ED /* main.m */,
				4E1C40621EA95F6700EB244B /* Circle.h */,
				4E1C40631EA95F6700EB244B /* Circle.m */,
				4E1C405D1EA9506700EB244B /* NSString+MyNewFeature.h */,
				4E1C405E1EA9506700EB244B /* NSString+MyNewFeature.m */,
				4E92BE361EA7FC6E00D78789 /* Person.h */,
				4E92BE371EA7FC6E00D78789 /* Person.m */,
				4E1C40541EA94E9400EB244B /* Phone.h */,
				4E1C40551EA94E9400EB244B /* Phone.m */,
			);
			path = IntroObjectiveC;
			sourceTree = "<group>";
		};
/* End PBXGroup section */

/* Begin PBXNativeTarget section */
		4E9C3DA81EA01C67002DB2ED /* IntroObjectiveC */ = {
			isa = PBXNativeTarget;
			buildConfigurationList = 4E9C3DB01EA01C67002DB2ED /* Build configuration list for PBXNativeTarget "IntroObjectiveC" */;
			buildPhases = (
				4E9C3DA51EA01C67002DB2ED /* Sources */,
				4E9C3DA61EA01C67002DB2ED /* Frameworks */,
				4E9C3DA71EA01C67002DB2ED /* CopyFiles */,
			);
			buildRules = (
			);
			dependencies = (
			);
			name = IntroObjectiveC;
			productName = IntroObjectiveC;
			productReference = 4E9C3DA91EA01C67002DB2ED /* IntroObjectiveC */;
			productType = "com.apple.product-type.tool";
		};
/* End PBXNativeTarget section */

/* Begin PBXProject section */
		4E9C3DA11EA01C67002DB2ED /* Project object */ = {
			isa = PBXProject;
			attributes = {
				LastUpgradeCheck = 0830;
				ORGANIZATIONNAME = "Derrick Park";
				TargetAttributes = {
					4E9C3DA81EA01C67002DB2ED = {
						CreatedOnToolsVersion = 8.3;
						ProvisioningStyle = Automatic;
					};
				};
			};
			buildConfigurationList = 4E9C3DA41EA01C67002DB2ED /* Build configuration list for PBXProject "IntroObjectiveC" */;
			compatibilityVersion = "Xcode 3.2";
			developmentRegion = English;
			hasScannedForEncodings = 0;
			knownRegions = (
				en,
			);
			mainGroup = 4E9C3DA01EA01C67002DB2ED;
			productRefGroup = 4E9C3DAA1EA01C67002DB2ED /* Products */;
			projectDirPath = "";
			projectRoot = "";
			targets = (
				4E9C3DA81EA01C67002DB2ED /* IntroObjectiveC */,
			);
		};
/* End PBXProject section */

/* Begin PBXSourcesBuildPhase section */
		4E9C3DA51EA01C67002DB2ED /* Sources */ = {
			isa = PBXSourcesBuildPhase;
			buildActionMask = 2147483647;
			files = (
				4E1C40561EA94E9400EB244B /* Phone.m in Sources */,
				4E1C405F1EA9506700EB244B /* NSString+MyNewFeature.m in Sources */,
				4E92BE381EA7FC6E00D78789 /* Person.m in Sources */,
				4E1C40641EA95F6700EB244B /* Circle.m in Sources */,
				4E1C405C1EA94EDB00EB244B /* Iphone.m in Sources */,
				4E9C3DAD1EA01C67002DB2ED /* main.m in Sources */,
			);
			runOnlyForDeploymentPostprocessing = 0;
		};
/* End PBXSourcesBuildPhase section */

/* Begin XCBuildConfiguration section */
		4E9C3DAE1EA01C67002DB2ED /* Debug */ = {
			isa = XCBuildConfiguration;
			buildSettings = {
				ALWAYS_SEARCH_USER_PATHS = NO;
				CLANG_ANALYZER_NONNULL = YES;
				CLANG_ANALYZER_NUMBER_OBJECT_CONVERSION = YES_AGGRESSIVE;
				CLANG_CXX_LANGUAGE_STANDARD = "gnu++0x";
				CLANG_CXX_LIBRARY = "libc++";
				CLANG_ENABLE_MODULES = YES;
				CLANG_ENABLE_OBJC_ARC = YES;
				CLANG_WARN_BOOL_CONVERSION = YES;
				CLANG_WARN_CONSTANT_CONVERSION = YES;
				CLANG_WARN_DIRECT_OBJC_ISA_USAGE = YES_ERROR;
				CLANG_WARN_DOCUMENTATION_COMMENTS = YES;
				CLANG_WARN_EMPTY_BODY = YES;
				CLANG_WARN_ENUM_CONVERSION = YES;
				CLANG_WARN_INFINITE_RECURSION = YES;
				CLANG_WARN_INT_CONVERSION = YES;
				CLANG_WARN_OBJC_ROOT_CLASS = YES_ERROR;
				CLANG_WARN_SUSPICIOUS_MOVE = YES;
				CLANG_WARN_UNREACHABLE_CODE = YES;
				CLANG_WARN__DUPLICATE_METHOD_MATCH = YES;
				CODE_SIGN_IDENTITY = "-";
				COPY_PHASE_STRIP = NO;
				DEBUG_INFORMATION_FORMAT = dwarf;
				ENABLE_STRICT_OBJC_MSGSEND = YES;
				ENABLE_TESTABILITY = YES;
				GCC_C_LANGUAGE_STANDARD = gnu99;
				GCC_DYNAMIC_NO_PIC = NO;
				GCC_NO_COMMON_BLOCKS = YES;
				GCC_OPTIMIZATION_LEVEL = 0;
				GCC_PREPROCESSOR_DEFINITIONS = (
					"DEBUG=1",
					"$(inherited)",
				);
				GCC_WARN_64_TO_32_BIT_CONVERSION = YES;
				GCC_WARN_ABOUT_RETURN_TYPE = YES_ERROR;
				GCC_WARN_UNDECLARED_SELECTOR = YES;
				GCC_WARN_UNINITIALIZED_AUTOS = YES_AGGRESSIVE;
				GCC_WARN_UNUSED_FUNCTION = YES;
				GCC_WARN_UNUSED_VARIABLE = YES;
				MACOSX_DEPLOYMENT_TARGET = 10.12;
				MTL_ENABLE_DEBUG_INFO = YES;
				ONLY_ACTIVE_ARCH = YES;
				SDKROOT = macosx;
			};
			name = Debug;
		};
		4E9C3DAF1EA01C67002DB2ED /* Release */ = {
			isa = XCBuildConfiguration;
			buildSettings = {
				ALWAYS_SEARCH_USER_PATHS = NO;
				CLANG_ANALYZER_NONNULL = YES;
				CLANG_ANALYZER_NUMBER_OBJECT_CONVERSION = YES_AGGRESSIVE;
				CLANG_CXX_LANGUAGE_STANDARD = "gnu++0x";
				CLANG_CXX_LIBRARY = "libc++";
				CLANG_ENABLE_MODULES = YES;
				CLANG_ENABLE_OBJC_ARC = YES;
				CLANG_WARN_BOOL_CONVERSION = YES;
				CLANG_WARN_CONSTANT_CONVERSION = YES;
				CLANG_WARN_DIRECT_OBJC_ISA_USAGE = YES_ERROR;
				CLANG_WARN_DOCUMENTATION_COMMENTS = YES;
				CLANG_WARN_EMPTY_BODY = YES;
				CLANG_WARN_ENUM_CONVERSION = YES;
				CLANG_WARN_INFINITE_RECURSION = YES;
				CLANG_WARN_INT_CONVERSION = YES;
				CLANG_WARN_OBJC_ROOT_CLASS = YES_ERROR;
				CLANG_WARN_SUSPICIOUS_MOVE = YES;
				CLANG_WARN_UNREACHABLE_CODE = YES;
				CLANG_WARN__DUPLICATE_METHOD_MATCH = YES;
				CODE_SIGN_IDENTITY = "-";
				COPY_PHASE_STRIP = NO;
				DEBUG_INFORMATION_FORMAT = "dwarf-with-dsym";
				ENABLE_NS_ASSERTIONS = NO;
				ENABLE_STRICT_OBJC_MSGSEND = YES;
				GCC_C_LANGUAGE_STANDARD = gnu99;
				GCC_NO_COMMON_BLOCKS = YES;
				GCC_WARN_64_TO_32_BIT_CONVERSION = YES;
				GCC_WARN_ABOUT_RETURN_TYPE = YES_ERROR;
				GCC_WARN_UNDECLARED_SELECTOR = YES;
				GCC_WARN_UNINITIALIZED_AUTOS = YES_AGGRESSIVE;
				GCC_WARN_UNUSED_FUNCTION = YES;
				GCC_WARN_UNUSED_VARIABLE = YES;
				MACOSX_DEPLOYMENT_TARGET = 10.12;
				MTL_ENABLE_DEBUG_INFO = NO;
				SDKROOT = macosx;
			};
			name = Release;
		};
		4E9C3DB11EA01C67002DB2ED /* Debug */ = {
			isa = XCBuildConfiguration;
			buildSettings = {
				PRODUCT_NAME = "$(TARGET_NAME)";
			};
			name = Debug;
		};
		4E9C3DB21EA01C67002DB2ED /* Release */ = {
			isa = XCBuildConfiguration;
			buildSettings = {
				PRODUCT_NAME = "$(TARGET_NAME)";
			};
			name = Release;
		};
/* End XCBuildConfiguration section */

/* Begin XCConfigurationList section */
		4E9C3DA41EA01C67002DB2ED /* Build configuration list for PBXProject "IntroObjectiveC" */ = {
			isa = XCConfigurationList;
			buildConfigurations = (
				4E9C3DAE1EA01C67002DB2ED /* Debug */,
				4E9C3DAF1EA01C67002DB2ED /* Release */,
			);
			defaultConfigurationIsVisible = 0;
			defaultConfigurationName = Release;
		};
		4E9C3DB01EA01C67002DB2ED /* Build configuration list for PBXNativeTarget "IntroObjectiveC" */ = {
			isa = XCConfigurationList;
			buildConfigurations = (
				4E9C3DB11EA01C67002DB2ED /* Debug */,
				4E9C3DB21EA01C67002DB2ED /* Release */,
			);
			defaultConfigurationIsVisible = 0;
			defaultConfigurationName = Release;
		};
/* End XCConfigurationList section */
	};
	rootObject = 4E9C3DA11EA01C67002DB2ED /* Project object */;
}
