// !$*UTF8*$!
{
	archiveVersion = 1;
	classes = {
	};
	objectVersion = 46;
	objects = {

/* Begin PBXBuildFile section */
		4EFD23BB1EDCBDE000CB2223 /* AppDelegate.swift in Sources */ = {isa = PBXBuildFile; fileRef = 4EFD23BA1EDCBDE000CB2223 /* AppDelegate.swift */; };
		4EFD23BD1EDCBDE000CB2223 /* ViewController.swift in Sources */ = {isa = PBXBuildFile; fileRef = 4EFD23BC1EDCBDE000CB2223 /* ViewController.swift */; };
		4EFD23C01EDCBDE000CB2223 /* Main.storyboard in Resources */ = {isa = PBXBuildFile; fileRef = 4EFD23BE1EDCBDE000CB2223 /* Main.storyboard */; };
		4EFD23C21EDCBDE000CB2223 /* Assets.xcassets in Resources */ = {isa = PBXBuildFile; fileRef = 4EFD23C11EDCBDE000CB2223 /* Assets.xcassets */; };
		4EFD23C51EDCBDE000CB2223 /* LaunchScreen.storyboard in Resources */ = {isa = PBXBuildFile; fileRef = 4EFD23C31EDCBDE000CB2223 /* LaunchScreen.storyboard */; };
		4EFD23CD1EDCBFAF00CB2223 /* NextViewController.swift in Sources */ = {isa = PBXBuildFile; fileRef = 4EFD23CC1EDCBFAF00CB2223 /* NextViewController.swift */; };
/* End PBXBuildFile section */

/* Begin PBXFileReference section */
		4EFD23B71EDCBDE000CB2223 /* NavigationIBDemo.app */ = {isa = PBXFileReference; explicitFileType = wrapper.application; includeInIndex = 0; path = NavigationIBDemo.app; sourceTree = BUILT_PRODUCTS_DIR; };
		4EFD23BA1EDCBDE000CB2223 /* AppDelegate.swift */ = {isa = PBXFileReference; lastKnownFileType = sourcecode.swift; path = AppDelegate.swift; sourceTree = "<group>"; };
		4EFD23BC1EDCBDE000CB2223 /* ViewController.swift */ = {isa = PBXFileReference; lastKnownFileType = sourcecode.swift; path = ViewController.swift; sourceTree = "<group>"; };
		4EFD23BF1EDCBDE000CB2223 /* Base */ = {isa = PBXFileReference; lastKnownFileType = file.storyboard; name = Base; path = Base.lproj/Main.storyboard; sourceTree = "<group>"; };
		4EFD23C11EDCBDE000CB2223 /* Assets.xcassets */ = {isa = PBXFileReference; lastKnownFileType = folder.assetcatalog; path = Assets.xcassets; sourceTree = "<group>"; };
		4EFD23C41EDCBDE000CB2223 /* Base */ = {isa = PBXFileReference; lastKnownFileType = file.storyboard; name = Base; path = Base.lproj/LaunchScreen.storyboard; sourceTree = "<group>"; };
		4EFD23C61EDCBDE000CB2223 /* Info.plist */ = {isa = PBXFileReference; lastKnownFileType = text.plist.xml; path = Info.plist; sourceTree = "<group>"; };
		4EFD23CC1EDCBFAF00CB2223 /* NextViewController.swift */ = {isa = PBXFileReference; fileEncoding = 4; lastKnownFileType = sourcecode.swift; path = NextViewController.swift; sourceTree = "<group>"; };
/* End PBXFileReference section */

/* Begin PBXFrameworksBuildPhase section */
		4EFD23B41EDCBDE000CB2223 /* Frameworks */ = {
			isa = PBXFrameworksBuildPhase;
			buildActionMask = 2147483647;
			files = (
			);
			runOnlyForDeploymentPostprocessing = 0;
		};
/* End PBXFrameworksBuildPhase section */

/* Begin PBXGroup section */
		4EFD23AE1EDCBDE000CB2223 = {
			isa = PBXGroup;
			children = (
				4EFD23B91EDCBDE000CB2223 /* NavigationIBDemo */,
				4EFD23B81EDCBDE000CB2223 /* Products */,
			);
			sourceTree = "<group>";
		};
		4EFD23B81EDCBDE000CB2223 /* Products */ = {
			isa = PBXGroup;
			children = (
				4EFD23B71EDCBDE000CB2223 /* NavigationIBDemo.app */,
			);
			name = Products;
			sourceTree = "<group>";
		};
		4EFD23B91EDCBDE000CB2223 /* NavigationIBDemo */ = {
			isa = PBXGroup;
			children = (
				4EFD23BA1EDCBDE000CB2223 /* AppDelegate.swift */,
				4EFD23BC1EDCBDE000CB2223 /* ViewController.swift */,
				4EFD23CC1EDCBFAF00CB2223 /* NextViewController.swift */,
				4EFD23BE1EDCBDE000CB2223 /* Main.storyboard */,
				4EFD23C11EDCBDE000CB2223 /* Assets.xcassets */,
				4EFD23C31EDCBDE000CB2223 /* LaunchScreen.storyboard */,
				4EFD23C61EDCBDE000CB2223 /* Info.plist */,
			);
			path = NavigationIBDemo;
			sourceTree = "<group>";
		};
/* End PBXGroup section */

/* Begin PBXNativeTarget section */
		4EFD23B61EDCBDE000CB2223 /* NavigationIBDemo */ = {
			isa = PBXNativeTarget;
			buildConfigurationList = 4EFD23C91EDCBDE000CB2223 /* Build configuration list for PBXNativeTarget "NavigationIBDemo" */;
			buildPhases = (
				4EFD23B31EDCBDE000CB2223 /* Sources */,
				4EFD23B41EDCBDE000CB2223 /* Frameworks */,
				4EFD23B51EDCBDE000CB2223 /* Resources */,
			);
			buildRules = (
			);
			dependencies = (
			);
			name = NavigationIBDemo;
			productName = NavigationIBDemo;
			productReference = 4EFD23B71EDCBDE000CB2223 /* NavigationIBDemo.app */;
			productType = "com.apple.product-type.application";
		};
/* End PBXNativeTarget section */

/* Begin PBXProject section */
		4EFD23AF1EDCBDE000CB2223 /* Project object */ = {
			isa = PBXProject;
			attributes = {
				LastSwiftUpdateCheck = 0830;
				LastUpgradeCheck = 0830;
				ORGANIZATIONNAME = "Derrick Park";
				TargetAttributes = {
					4EFD23B61EDCBDE000CB2223 = {
						CreatedOnToolsVersion = 8.3.2;
						ProvisioningStyle = Automatic;
					};
				};
			};
			buildConfigurationList = 4EFD23B21EDCBDE000CB2223 /* Build configuration list for PBXProject "NavigationIBDemo" */;
			compatibilityVersion = "Xcode 3.2";
			developmentRegion = English;
			hasScannedForEncodings = 0;
			knownRegions = (
				en,
				Base,
			);
			mainGroup = 4EFD23AE1EDCBDE000CB2223;
			productRefGroup = 4EFD23B81EDCBDE000CB2223 /* Products */;
			projectDirPath = "";
			projectRoot = "";
			targets = (
				4EFD23B61EDCBDE000CB2223 /* NavigationIBDemo */,
			);
		};
/* End PBXProject section */

/* Begin PBXResourcesBuildPhase section */
		4EFD23B51EDCBDE000CB2223 /* Resources */ = {
			isa = PBXResourcesBuildPhase;
			buildActionMask = 2147483647;
			files = (
				4EFD23C51EDCBDE000CB2223 /* LaunchScreen.storyboard in Resources */,
				4EFD23C21EDCBDE000CB2223 /* Assets.xcassets in Resources */,
				4EFD23C01EDCBDE000CB2223 /* Main.storyboard in Resources */,
			);
			runOnlyForDeploymentPostprocessing = 0;
		};
/* End PBXResourcesBuildPhase section */

/* Begin PBXSourcesBuildPhase section */
		4EFD23B31EDCBDE000CB2223 /* Sources */ = {
			isa = PBXSourcesBuildPhase;
			buildActionMask = 2147483647;
			files = (
				4EFD23BD1EDCBDE000CB2223 /* ViewController.swift in Sources */,
				4EFD23CD1EDCBFAF00CB2223 /* NextViewController.swift in Sources */,
				4EFD23BB1EDCBDE000CB2223 /* AppDelegate.swift in Sources */,
			);
			runOnlyForDeploymentPostprocessing = 0;
		};
/* End PBXSourcesBuildPhase section */

/* Begin PBXVariantGroup section */
		4EFD23BE1EDCBDE000CB2223 /* Main.storyboard */ = {
			isa = PBXVariantGroup;
			children = (
				4EFD23BF1EDCBDE000CB2223 /* Base */,
			);
			name = Main.storyboard;
			sourceTree = "<group>";
		};
		4EFD23C31EDCBDE000CB2223 /* LaunchScreen.storyboard */ = {
			isa = PBXVariantGroup;
			children = (
				4EFD23C41EDCBDE000CB2223 /* Base */,
			);
			name = LaunchScreen.storyboard;
			sourceTree = "<group>";
		};
/* End PBXVariantGroup section */

/* Begin XCBuildConfiguration section */
		4EFD23C71EDCBDE000CB2223 /* Debug */ = {
			isa = XCBuildConfiguration;
			buildSettings = {
				ALWAYS_SEARCH_USER_PATHS = NO;
				CLANG_ANALYZER_NONNULL = YES;
				CLANG_ANALYZER_NUMBER_OBJECT_CONVERSION = YES_AGGRESSIVE;
				CLANG_CXX_LANGUAGE_STANDARD = "gnu++0x";
				CLANG_CXX_LIBRARY = "libc++";
				CLANG_ENABLE_MODULES = YES;
				CLANG_ENABLE_OBJC_ARC = YES;
				CLANG_WARN_BOOL_CONVERSION = YES;
				CLANG_WARN_CONSTANT_CONVERSION = YES;
				CLANG_WARN_DIRECT_OBJC_ISA_USAGE = YES_ERROR;
				CLANG_WARN_DOCUMENTATION_COMMENTS = YES;
				CLANG_WARN_EMPTY_BODY = YES;
				CLANG_WARN_ENUM_CONVERSION = YES;
				CLANG_WARN_INFINITE_RECURSION = YES;
				CLANG_WARN_INT_CONVERSION = YES;
				CLANG_WARN_OBJC_ROOT_CLASS = YES_ERROR;
				CLANG_WARN_SUSPICIOUS_MOVE = YES;
				CLANG_WARN_UNREACHABLE_CODE = YES;
				CLANG_WARN__DUPLICATE_METHOD_MATCH = YES;
				"CODE_SIGN_IDENTITY[sdk=iphoneos*]" = "iPhone Developer";
				COPY_PHASE_STRIP = NO;
				DEBUG_INFORMATION_FORMAT = dwarf;
				ENABLE_STRICT_OBJC_MSGSEND = YES;
				ENABLE_TESTABILITY = YES;
				GCC_C_LANGUAGE_STANDARD = gnu99;
				GCC_DYNAMIC_NO_PIC = NO;
				GCC_NO_COMMON_BLOCKS = YES;
				GCC_OPTIMIZATION_LEVEL = 0;
				GCC_PREPROCESSOR_DEFINITIONS = (
					"DEBUG=1",
					"$(inherited)",
				);
				GCC_WARN_64_TO_32_BIT_CONVERSION = YES;
				GCC_WARN_ABOUT_RETURN_TYPE = YES_ERROR;
				GCC_WARN_UNDECLARED_SELECTOR = YES;
				GCC_WARN_UNINITIALIZED_AUTOS = YES_AGGRESSIVE;
				GCC_WARN_UNUSED_FUNCTION = YES;
				GCC_WARN_UNUSED_VARIABLE = YES;
				IPHONEOS_DEPLOYMENT_TARGET = 10.3;
				MTL_ENABLE_DEBUG_INFO = YES;
				ONLY_ACTIVE_ARCH = YES;
				SDKROOT = iphoneos;
				SWIFT_ACTIVE_COMPILATION_CONDITIONS = DEBUG;
				SWIFT_OPTIMIZATION_LEVEL = "-Onone";
			};
			name = Debug;
		};
		4EFD23C81EDCBDE000CB2223 /* Release */ = {
			isa = XCBuildConfiguration;
			buildSettings = {
				ALWAYS_SEARCH_USER_PATHS = NO;
				CLANG_ANALYZER_NONNULL = YES;
				CLANG_ANALYZER_NUMBER_OBJECT_CONVERSION = YES_AGGRESSIVE;
				CLANG_CXX_LANGUAGE_STANDARD = "gnu++0x";
				CLANG_CXX_LIBRARY = "libc++";
				CLANG_ENABLE_MODULES = YES;
				CLANG_ENABLE_OBJC_ARC = YES;
				CLANG_WARN_BOOL_CONVERSION = YES;
				CLANG_WARN_CONSTANT_CONVERSION = YES;
				CLANG_WARN_DIRECT_OBJC_ISA_USAGE = YES_ERROR;
				CLANG_WARN_DOCUMENTATION_COMMENTS = YES;
				CLANG_WARN_EMPTY_BODY = YES;
				CLANG_WARN_ENUM_CONVERSION = YES;
				CLANG_WARN_INFINITE_RECURSION = YES;
				CLANG_WARN_INT_CONVERSION = YES;
				CLANG_WARN_OBJC_ROOT_CLASS = YES_ERROR;
				CLANG_WARN_SUSPICIOUS_MOVE = YES;
				CLANG_WARN_UNREACHABLE_CODE = YES;
				CLANG_WARN__DUPLICATE_METHOD_MATCH = YES;
				"CODE_SIGN_IDENTITY[sdk=iphoneos*]" = "iPhone Developer";
				COPY_PHASE_STRIP = NO;
				DEBUG_INFORMATION_FORMAT = "dwarf-with-dsym";
				ENABLE_NS_ASSERTIONS = NO;
				ENABLE_STRICT_OBJC_MSGSEND = YES;
				GCC_C_LANGUAGE_STANDARD = gnu99;
				GCC_NO_COMMON_BLOCKS = YES;
				GCC_WARN_64_TO_32_BIT_CONVERSION = YES;
				GCC_WARN_ABOUT_RETURN_TYPE = YES_ERROR;
				GCC_WARN_UNDECLARED_SELECTOR = YES;
				GCC_WARN_UNINITIALIZED_AUTOS = YES_AGGRESSIVE;
				GCC_WARN_UNUSED_FUNCTION = YES;
				GCC_WARN_UNUSED_VARIABLE = YES;
				IPHONEOS_DEPLOYMENT_TARGET = 10.3;
				MTL_ENABLE_DEBUG_INFO = NO;
				SDKROOT = iphoneos;
				SWIFT_OPTIMIZATION_LEVEL = "-Owholemodule";
				VALIDATE_PRODUCT = YES;
			};
			name = Release;
		};
		4EFD23CA1EDCBDE000CB2223 /* Debug */ = {
			isa = XCBuildConfiguration;
			buildSettings = {
				ASSETCATALOG_COMPILER_APPICON_NAME = AppIcon;
				INFOPLIST_FILE = NavigationIBDemo/Info.plist;
				LD_RUNPATH_SEARCH_PATHS = "$(inherited) @executable_path/Frameworks";
				PRODUCT_BUNDLE_IDENTIFIER = com.dpapp.NavigationIBDemo;
				PRODUCT_NAME = "$(TARGET_NAME)";
				SWIFT_VERSION = 3.0;
			};
			name = Debug;
		};
		4EFD23CB1EDCBDE000CB2223 /* Release */ = {
			isa = XCBuildConfiguration;
			buildSettings = {
				ASSETCATALOG_COMPILER_APPICON_NAME = AppIcon;
				INFOPLIST_FILE = NavigationIBDemo/Info.plist;
				LD_RUNPATH_SEARCH_PATHS = "$(inherited) @executable_path/Frameworks";
				PRODUCT_BUNDLE_IDENTIFIER = com.dpapp.NavigationIBDemo;
				PRODUCT_NAME = "$(TARGET_NAME)";
				SWIFT_VERSION = 3.0;
			};
			name = Release;
		};
/* End XCBuildConfiguration section */

/* Begin XCConfigurationList section */
		4EFD23B21EDCBDE000CB2223 /* Build configuration list for PBXProject "NavigationIBDemo" */ = {
			isa = XCConfigurationList;
			buildConfigurations = (
				4EFD23C71EDCBDE000CB2223 /* Debug */,
				4EFD23C81EDCBDE000CB2223 /* Release */,
			);
			defaultConfigurationIsVisible = 0;
			defaultConfigurationName = Release;
		};
		4EFD23C91EDCBDE000CB2223 /* Build configuration list for PBXNativeTarget "NavigationIBDemo" */ = {
			isa = XCConfigurationList;
			buildConfigurations = (
				4EFD23CA1EDCBDE000CB2223 /* Debug */,
				4EFD23CB1EDCBDE000CB2223 /* Release */,
			);
			defaultConfigurationIsVisible = 0;
		};
/* End XCConfigurationList section */
	};
	rootObject = 4EFD23AF1EDCBDE000CB2223 /* Project object */;
}
